
Microsoft Visual Studio Solution File, Format Version 12.00
# Visual Studio Version 16
VisualStudioVersion = 16.0.29215.179
MinimumVisualStudioVersion = 10.0.40219.1
Project("{8BC9CEB8-8B4A-11D0-8D11-00A0C91BC942}") = "sudoku", "sudoku.vcxproj", "{E784CE51-B216-45F7-8EB8-4E7E00553D8F}"
EndProject
Global
	GlobalSection(SolutionConfigurationPlatforms) = preSolution
		Debug|x64 = Debug|x64
		Debug|x86 = Debug|x86
		Release|x64 = Release|x64
		Release|x86 = Release|x86
	EndGlobalSection
	GlobalSection(ProjectConfigurationPlatforms) = postSolution
		{E784CE51-B216-45F7-8EB8-4E7E00553D8F}.Debug|x64.ActiveCfg = Debug|x64
		{E784CE51-B216-45F7-8EB8-4E7E00553D8F}.Debug|x64.Build.0 = Debug|x64
		{E784CE51-B216-45F7-8EB8-4E7E00553D8F}.Debug|x86.ActiveCfg = Debug|Win32
		{E784CE51-B216-45F7-8EB8-4E7E00553D8F}.Debug|x86.Build.0 = Debug|Win32
		{E784CE51-B216-45F7-8EB8-4E7E00553D8F}.Release|x64.ActiveCfg = Release|x64
		{E784CE51-B216-45F7-8EB8-4E7E00553D8F}.Release|x64.Build.0 = Release|x64
		{E784CE51-B216-45F7-8EB8-4E7E00553D8F}.Release|x86.ActiveCfg = Release|Win32
		{E784CE51-B216-45F7-8EB8-4E7E00553D8F}.Release|x86.Build.0 = Release|Win32
	EndGlobalSection
	GlobalSection(SolutionProperties) = preSolution
		HideSolutionNode = FALSE
	EndGlobalSection
	GlobalSection(ExtensibilityGlobals) = postSolution
		SolutionGuid = {4678004A-C46B-4066-84E9-32DAF0398B6A}
	EndGlobalSection
EndGlobal
